// !$*UTF8*$!
{
	archiveVersion = 1;
	classes = {
	};
	objectVersion = 50;
	objects = {

/* Begin PBXBuildFile section */
		A4880DA92265367A00C06FB5 /* Fire.swift in Sources */ = {isa = PBXBuildFile; fileRef = A4880DA82265367A00C06FB5 /* Fire.swift */; };
		A4880DAB226536A000C06FB5 /* Constants.swift in Sources */ = {isa = PBXBuildFile; fileRef = A4880DAA226536A000C06FB5 /* Constants.swift */; };
		A4880DAD22653E5300C06FB5 /* UILabel+AttrText.swift in Sources */ = {isa = PBXBuildFile; fileRef = A4880DAC22653E5300C06FB5 /* UILabel+AttrText.swift */; };
		A4BFC6982261732100E98BA1 /* AppDelegate.swift in Sources */ = {isa = PBXBuildFile; fileRef = A4BFC6972261732100E98BA1 /* AppDelegate.swift */; };
		A4BFC69D2261732100E98BA1 /* Main.storyboard in Resources */ = {isa = PBXBuildFile; fileRef = A4BFC69B2261732100E98BA1 /* Main.storyboard */; };
		A4BFC69F2261732300E98BA1 /* Assets.xcassets in Resources */ = {isa = PBXBuildFile; fileRef = A4BFC69E2261732300E98BA1 /* Assets.xcassets */; };
		A4BFC6A22261732300E98BA1 /* LaunchScreen.storyboard in Resources */ = {isa = PBXBuildFile; fileRef = A4BFC6A02261732300E98BA1 /* LaunchScreen.storyboard */; };
		A4BFC6AE226173A000E98BA1 /* LoginController.swift in Sources */ = {isa = PBXBuildFile; fileRef = A4BFC6AD226173A000E98BA1 /* LoginController.swift */; };
		A4BFC6B0226174E300E98BA1 /* UIView+Layout.swift in Sources */ = {isa = PBXBuildFile; fileRef = A4BFC6AF226174E300E98BA1 /* UIView+Layout.swift */; };
		A4BFC6B322617F7600E98BA1 /* SignUpController.swift in Sources */ = {isa = PBXBuildFile; fileRef = A4BFC6B222617F7600E98BA1 /* SignUpController.swift */; };
		A4BFC6B52261836D00E98BA1 /* GoogleService-Info.plist in Resources */ = {isa = PBXBuildFile; fileRef = A4BFC6B42261836D00E98BA1 /* GoogleService-Info.plist */; };
		A4BFC6B722619FBE00E98BA1 /* MainTabBarController.swift in Sources */ = {isa = PBXBuildFile; fileRef = A4BFC6B622619FBE00E98BA1 /* MainTabBarController.swift */; };
		A4BFC6B92261A1FB00E98BA1 /* FeedController.swift in Sources */ = {isa = PBXBuildFile; fileRef = A4BFC6B82261A1FB00E98BA1 /* FeedController.swift */; };
		A4BFC6BB2261A21200E98BA1 /* SearchController.swift in Sources */ = {isa = PBXBuildFile; fileRef = A4BFC6BA2261A21200E98BA1 /* SearchController.swift */; };
		A4BFC6BD2261A23800E98BA1 /* PostController.swift in Sources */ = {isa = PBXBuildFile; fileRef = A4BFC6BC2261A23800E98BA1 /* PostController.swift */; };
		A4BFC6BF2261A24F00E98BA1 /* NotificationController.swift in Sources */ = {isa = PBXBuildFile; fileRef = A4BFC6BE2261A24F00E98BA1 /* NotificationController.swift */; };
		A4BFC6C12261A26500E98BA1 /* ProfileController.swift in Sources */ = {isa = PBXBuildFile; fileRef = A4BFC6C02261A26500E98BA1 /* ProfileController.swift */; };
		A4BFC6C92261B35500E98BA1 /* ProfileHeader.swift in Sources */ = {isa = PBXBuildFile; fileRef = A4BFC6C82261B35500E98BA1 /* ProfileHeader.swift */; };
		A4BFC6CB2262402400E98BA1 /* User.swift in Sources */ = {isa = PBXBuildFile; fileRef = A4BFC6CA2262402400E98BA1 /* User.swift */; };
		A4BFC6CD2262451B00E98BA1 /* UIImageView+Load.swift in Sources */ = {isa = PBXBuildFile; fileRef = A4BFC6CC2262451B00E98BA1 /* UIImageView+Load.swift */; };
		A4BFC6CF22624C5E00E98BA1 /* SearchUserCell.swift in Sources */ = {isa = PBXBuildFile; fileRef = A4BFC6CE22624C5E00E98BA1 /* SearchUserCell.swift */; };
		C39895404656A74942EAFA08 /* Pods_Water.framework in Frameworks */ = {isa = PBXBuildFile; fileRef = 0A708D831A31D268C5538407 /* Pods_Water.framework */; };
/* End PBXBuildFile section */

/* Begin PBXFileReference section */
		0A708D831A31D268C5538407 /* Pods_Water.framework */ = {isa = PBXFileReference; explicitFileType = wrapper.framework; includeInIndex = 0; path = Pods_Water.framework; sourceTree = BUILT_PRODUCTS_DIR; };
		A4880DA82265367A00C06FB5 /* Fire.swift */ = {isa = PBXFileReference; lastKnownFileType = sourcecode.swift; path = Fire.swift; sourceTree = "<group>"; };
		A4880DAA226536A000C06FB5 /* Constants.swift */ = {isa = PBXFileReference; lastKnownFileType = sourcecode.swift; path = Constants.swift; sourceTree = "<group>"; };
		A4880DAC22653E5300C06FB5 /* UILabel+AttrText.swift */ = {isa = PBXFileReference; lastKnownFileType = sourcecode.swift; path = "UILabel+AttrText.swift"; sourceTree = "<group>"; };
		A4BFC6942261732100E98BA1 /* Water.app */ = {isa = PBXFileReference; explicitFileType = wrapper.application; includeInIndex = 0; path = Water.app; sourceTree = BUILT_PRODUCTS_DIR; };
		A4BFC6972261732100E98BA1 /* AppDelegate.swift */ = {isa = PBXFileReference; lastKnownFileType = sourcecode.swift; path = AppDelegate.swift; sourceTree = "<group>"; };
		A4BFC69C2261732100E98BA1 /* Base */ = {isa = PBXFileReference; lastKnownFileType = file.storyboard; name = Base; path = Base.lproj/Main.storyboard; sourceTree = "<group>"; };
		A4BFC69E2261732300E98BA1 /* Assets.xcassets */ = {isa = PBXFileReference; lastKnownFileType = folder.assetcatalog; path = Assets.xcassets; sourceTree = "<group>"; };
		A4BFC6A12261732300E98BA1 /* Base */ = {isa = PBXFileReference; lastKnownFileType = file.storyboard; name = Base; path = Base.lproj/LaunchScreen.storyboard; sourceTree = "<group>"; };
		A4BFC6A32261732300E98BA1 /* Info.plist */ = {isa = PBXFileReference; lastKnownFileType = text.plist.xml; path = Info.plist; sourceTree = "<group>"; };
		A4BFC6AD226173A000E98BA1 /* LoginController.swift */ = {isa = PBXFileReference; lastKnownFileType = sourcecode.swift; path = LoginController.swift; sourceTree = "<group>"; };
		A4BFC6AF226174E300E98BA1 /* UIView+Layout.swift */ = {isa = PBXFileReference; fileEncoding = 4; lastKnownFileType = sourcecode.swift; path = "UIView+Layout.swift"; sourceTree = "<group>"; };
		A4BFC6B222617F7600E98BA1 /* SignUpController.swift */ = {isa = PBXFileReference; lastKnownFileType = sourcecode.swift; path = SignUpController.swift; sourceTree = "<group>"; };
		A4BFC6B42261836D00E98BA1 /* GoogleService-Info.plist */ = {isa = PBXFileReference; fileEncoding = 4; lastKnownFileType = text.plist.xml; path = "GoogleService-Info.plist"; sourceTree = "<group>"; };
		A4BFC6B622619FBE00E98BA1 /* MainTabBarController.swift */ = {isa = PBXFileReference; lastKnownFileType = sourcecode.swift; path = MainTabBarController.swift; sourceTree = "<group>"; };
		A4BFC6B82261A1FB00E98BA1 /* FeedController.swift */ = {isa = PBXFileReference; lastKnownFileType = sourcecode.swift; path = FeedController.swift; sourceTree = "<group>"; };
		A4BFC6BA2261A21200E98BA1 /* SearchController.swift */ = {isa = PBXFileReference; lastKnownFileType = sourcecode.swift; path = SearchController.swift; sourceTree = "<group>"; };
		A4BFC6BC2261A23800E98BA1 /* PostController.swift */ = {isa = PBXFileReference; lastKnownFileType = sourcecode.swift; path = PostController.swift; sourceTree = "<group>"; };
		A4BFC6BE2261A24F00E98BA1 /* NotificationController.swift */ = {isa = PBXFileReference; lastKnownFileType = sourcecode.swift; path = NotificationController.swift; sourceTree = "<group>"; };
		A4BFC6C02261A26500E98BA1 /* ProfileController.swift */ = {isa = PBXFileReference; lastKnownFileType = sourcecode.swift; path = ProfileController.swift; sourceTree = "<group>"; };
		A4BFC6C82261B35500E98BA1 /* ProfileHeader.swift */ = {isa = PBXFileReference; lastKnownFileType = sourcecode.swift; path = ProfileHeader.swift; sourceTree = "<group>"; };
		A4BFC6CA2262402400E98BA1 /* User.swift */ = {isa = PBXFileReference; lastKnownFileType = sourcecode.swift; path = User.swift; sourceTree = "<group>"; };
		A4BFC6CC2262451B00E98BA1 /* UIImageView+Load.swift */ = {isa = PBXFileReference; lastKnownFileType = sourcecode.swift; path = "UIImageView+Load.swift"; sourceTree = "<group>"; };
		A4BFC6CE22624C5E00E98BA1 /* SearchUserCell.swift */ = {isa = PBXFileReference; lastKnownFileType = sourcecode.swift; path = SearchUserCell.swift; sourceTree = "<group>"; };
		B35558261C74FE57ABC032DF /* Pods-Water.debug.xcconfig */ = {isa = PBXFileReference; includeInIndex = 1; lastKnownFileType = text.xcconfig; name = "Pods-Water.debug.xcconfig"; path = "Pods/Target Support Files/Pods-Water/Pods-Water.debug.xcconfig"; sourceTree = "<group>"; };
		ED4F61718A207B14BF184F9B /* Pods-Water.release.xcconfig */ = {isa = PBXFileReference; includeInIndex = 1; lastKnownFileType = text.xcconfig; name = "Pods-Water.release.xcconfig"; path = "Pods/Target Support Files/Pods-Water/Pods-Water.release.xcconfig"; sourceTree = "<group>"; };
/* End PBXFileReference section */

/* Begin PBXFrameworksBuildPhase section */
		A4BFC6912261732100E98BA1 /* Frameworks */ = {
			isa = PBXFrameworksBuildPhase;
			buildActionMask = 2147483647;
			files = (
				C39895404656A74942EAFA08 /* Pods_Water.framework in Frameworks */,
			);
			runOnlyForDeploymentPostprocessing = 0;
		};
/* End PBXFrameworksBuildPhase section */

/* Begin PBXGroup section */
		1D251E39771B27EDC74D77A1 /* Pods */ = {
			isa = PBXGroup;
			children = (
				B35558261C74FE57ABC032DF /* Pods-Water.debug.xcconfig */,
				ED4F61718A207B14BF184F9B /* Pods-Water.release.xcconfig */,
			);
			name = Pods;
			sourceTree = "<group>";
		};
		21D4E5174D8823EA6532C774 /* Frameworks */ = {
			isa = PBXGroup;
			children = (
				0A708D831A31D268C5538407 /* Pods_Water.framework */,
			);
			name = Frameworks;
			sourceTree = "<group>";
		};
		A4880DA72265366400C06FB5 /* Networking */ = {
			isa = PBXGroup;
			children = (
				A4880DA82265367A00C06FB5 /* Fire.swift */,
			);
			path = Networking;
			sourceTree = "<group>";
		};
		A4BFC68B2261732100E98BA1 = {
			isa = PBXGroup;
			children = (
				A4BFC6962261732100E98BA1 /* Water */,
				A4BFC6952261732100E98BA1 /* Products */,
				1D251E39771B27EDC74D77A1 /* Pods */,
				21D4E5174D8823EA6532C774 /* Frameworks */,
			);
			sourceTree = "<group>";
		};
		A4BFC6952261732100E98BA1 /* Products */ = {
			isa = PBXGroup;
			children = (
				A4BFC6942261732100E98BA1 /* Water.app */,
			);
			name = Products;
			sourceTree = "<group>";
		};
		A4BFC6962261732100E98BA1 /* Water */ = {
			isa = PBXGroup;
			children = (
				A4BFC6972261732100E98BA1 /* AppDelegate.swift */,
				A4BFC6AB2261735600E98BA1 /* Models */,
				A4BFC6AA2261735300E98BA1 /* Views */,
				A4BFC6A92261735000E98BA1 /* Controllers */,
				A4BFC6AC2261737F00E98BA1 /* Services */,
				A4BFC69B2261732100E98BA1 /* Main.storyboard */,
				A4BFC69E2261732300E98BA1 /* Assets.xcassets */,
				A4BFC6A02261732300E98BA1 /* LaunchScreen.storyboard */,
				A4BFC6A32261732300E98BA1 /* Info.plist */,
				A4BFC6B42261836D00E98BA1 /* GoogleService-Info.plist */,
			);
			path = Water;
			sourceTree = "<group>";
		};
		A4BFC6A92261735000E98BA1 /* Controllers */ = {
			isa = PBXGroup;
			children = (
				A4BFC6B622619FBE00E98BA1 /* MainTabBarController.swift */,
				A4BFC6C32261B2AE00E98BA1 /* HomeFeed */,
				A4BFC6C42261B2D900E98BA1 /* Search */,
				A4BFC6C52261B2E100E98BA1 /* UploadPost */,
				A4BFC6C62261B2EA00E98BA1 /* Notifications */,
				A4BFC6C72261B2F300E98BA1 /* UserProfile */,
				A4BFC6C22261B2A500E98BA1 /* Login */,
			);
			path = Controllers;
			sourceTree = "<group>";
		};
		A4BFC6AA2261735300E98BA1 /* Views */ = {
			isa = PBXGroup;
			children = (
				A4BFC6C82261B35500E98BA1 /* ProfileHeader.swift */,
			);
			path = Views;
			sourceTree = "<group>";
		};
		A4BFC6AB2261735600E98BA1 /* Models */ = {
			isa = PBXGroup;
			children = (
				A4BFC6CA2262402400E98BA1 /* User.swift */,
			);
			path = Models;
			sourceTree = "<group>";
		};
		A4BFC6AC2261737F00E98BA1 /* Services */ = {
			isa = PBXGroup;
			children = (
				A4880DAA226536A000C06FB5 /* Constants.swift */,
				A4880DA72265366400C06FB5 /* Networking */,
				A4BFC6B1226174EC00E98BA1 /* Extensions */,
			);
			path = Services;
			sourceTree = "<group>";
		};
		A4BFC6B1226174EC00E98BA1 /* Extensions */ = {
			isa = PBXGroup;
			children = (
				A4BFC6AF226174E300E98BA1 /* UIView+Layout.swift */,
				A4BFC6CC2262451B00E98BA1 /* UIImageView+Load.swift */,
				A4880DAC22653E5300C06FB5 /* UILabel+AttrText.swift */,
			);
			path = Extensions;
			sourceTree = "<group>";
		};
		A4BFC6C22261B2A500E98BA1 /* Login */ = {
			isa = PBXGroup;
			children = (
				A4BFC6AD226173A000E98BA1 /* LoginController.swift */,
				A4BFC6B222617F7600E98BA1 /* SignUpController.swift */,
			);
			path = Login;
			sourceTree = "<group>";
		};
		A4BFC6C32261B2AE00E98BA1 /* HomeFeed */ = {
			isa = PBXGroup;
			children = (
				A4BFC6B82261A1FB00E98BA1 /* FeedController.swift */,
			);
			path = HomeFeed;
			sourceTree = "<group>";
		};
		A4BFC6C42261B2D900E98BA1 /* Search */ = {
			isa = PBXGroup;
			children = (
				A4BFC6BA2261A21200E98BA1 /* SearchController.swift */,
				A4BFC6CE22624C5E00E98BA1 /* SearchUserCell.swift */,
			);
			path = Search;
			sourceTree = "<group>";
		};
		A4BFC6C52261B2E100E98BA1 /* UploadPost */ = {
			isa = PBXGroup;
			children = (
				A4BFC6BC2261A23800E98BA1 /* PostController.swift */,
			);
			path = UploadPost;
			sourceTree = "<group>";
		};
		A4BFC6C62261B2EA00E98BA1 /* Notifications */ = {
			isa = PBXGroup;
			children = (
				A4BFC6BE2261A24F00E98BA1 /* NotificationController.swift */,
			);
			path = Notifications;
			sourceTree = "<group>";
		};
		A4BFC6C72261B2F300E98BA1 /* UserProfile */ = {
			isa = PBXGroup;
			children = (
				A4BFC6C02261A26500E98BA1 /* ProfileController.swift */,
			);
			path = UserProfile;
			sourceTree = "<group>";
		};
/* End PBXGroup section */

/* Begin PBXNativeTarget section */
		A4BFC6932261732100E98BA1 /* Water */ = {
			isa = PBXNativeTarget;
			buildConfigurationList = A4BFC6A62261732300E98BA1 /* Build configuration list for PBXNativeTarget "Water" */;
			buildPhases = (
				8E3F9AE1DEC3DB348E7ADCB9 /* [CP] Check Pods Manifest.lock */,
				A4BFC6902261732100E98BA1 /* Sources */,
				A4BFC6912261732100E98BA1 /* Frameworks */,
				A4BFC6922261732100E98BA1 /* Resources */,
				2E975DE6BFDA3AEC0DABE53D /* [CP] Embed Pods Frameworks */,
			);
			buildRules = (
			);
			dependencies = (
			);
			name = Water;
			productName = Water;
			productReference = A4BFC6942261732100E98BA1 /* Water.app */;
			productType = "com.apple.product-type.application";
		};
/* End PBXNativeTarget section */

/* Begin PBXProject section */
		A4BFC68C2261732100E98BA1 /* Project object */ = {
			isa = PBXProject;
			attributes = {
				LastSwiftUpdateCheck = 1020;
				LastUpgradeCheck = 1020;
				ORGANIZATIONNAME = "Prudhvi Gadiraju";
				TargetAttributes = {
					A4BFC6932261732100E98BA1 = {
						CreatedOnToolsVersion = 10.2;
					};
				};
			};
			buildConfigurationList = A4BFC68F2261732100E98BA1 /* Build configuration list for PBXProject "Water" */;
			compatibilityVersion = "Xcode 9.3";
			developmentRegion = en;
			hasScannedForEncodings = 0;
			knownRegions = (
				en,
				Base,
			);
			mainGroup = A4BFC68B2261732100E98BA1;
			productRefGroup = A4BFC6952261732100E98BA1 /* Products */;
			projectDirPath = "";
			projectRoot = "";
			targets = (
				A4BFC6932261732100E98BA1 /* Water */,
			);
		};
/* End PBXProject section */

/* Begin PBXResourcesBuildPhase section */
		A4BFC6922261732100E98BA1 /* Resources */ = {
			isa = PBXResourcesBuildPhase;
			buildActionMask = 2147483647;
			files = (
				A4BFC6A22261732300E98BA1 /* LaunchScreen.storyboard in Resources */,
				A4BFC6B52261836D00E98BA1 /* GoogleService-Info.plist in Resources */,
				A4BFC69F2261732300E98BA1 /* Assets.xcassets in Resources */,
				A4BFC69D2261732100E98BA1 /* Main.storyboard in Resources */,
			);
			runOnlyForDeploymentPostprocessing = 0;
		};
/* End PBXResourcesBuildPhase section */

/* Begin PBXShellScriptBuildPhase section */
		2E975DE6BFDA3AEC0DABE53D /* [CP] Embed Pods Frameworks */ = {
			isa = PBXShellScriptBuildPhase;
			buildActionMask = 2147483647;
			files = (
			);
			inputFileListPaths = (
			);
			inputPaths = (
				"${SRCROOT}/Pods/Target Support Files/Pods-Water/Pods-Water-frameworks.sh",
				"${BUILT_PRODUCTS_DIR}/BoringSSL-GRPC/openssl_grpc.framework",
				"${BUILT_PRODUCTS_DIR}/GTMSessionFetcher/GTMSessionFetcher.framework",
				"${BUILT_PRODUCTS_DIR}/GoogleUtilities/GoogleUtilities.framework",
				"${BUILT_PRODUCTS_DIR}/Protobuf/Protobuf.framework",
				"${BUILT_PRODUCTS_DIR}/SDWebImage/SDWebImage.framework",
				"${BUILT_PRODUCTS_DIR}/gRPC-C++/grpcpp.framework",
				"${BUILT_PRODUCTS_DIR}/gRPC-Core/grpc.framework",
				"${BUILT_PRODUCTS_DIR}/leveldb-library/leveldb.framework",
				"${BUILT_PRODUCTS_DIR}/nanopb/nanopb.framework",
			);
			name = "[CP] Embed Pods Frameworks";
			outputFileListPaths = (
			);
			outputPaths = (
				"${TARGET_BUILD_DIR}/${FRAMEWORKS_FOLDER_PATH}/openssl_grpc.framework",
				"${TARGET_BUILD_DIR}/${FRAMEWORKS_FOLDER_PATH}/GTMSessionFetcher.framework",
				"${TARGET_BUILD_DIR}/${FRAMEWORKS_FOLDER_PATH}/GoogleUtilities.framework",
				"${TARGET_BUILD_DIR}/${FRAMEWORKS_FOLDER_PATH}/Protobuf.framework",
				"${TARGET_BUILD_DIR}/${FRAMEWORKS_FOLDER_PATH}/SDWebImage.framework",
				"${TARGET_BUILD_DIR}/${FRAMEWORKS_FOLDER_PATH}/grpcpp.framework",
				"${TARGET_BUILD_DIR}/${FRAMEWORKS_FOLDER_PATH}/grpc.framework",
				"${TARGET_BUILD_DIR}/${FRAMEWORKS_FOLDER_PATH}/leveldb.framework",
				"${TARGET_BUILD_DIR}/${FRAMEWORKS_FOLDER_PATH}/nanopb.framework",
			);
			runOnlyForDeploymentPostprocessing = 0;
			shellPath = /bin/sh;
			shellScript = "\"${SRCROOT}/Pods/Target Support Files/Pods-Water/Pods-Water-frameworks.sh\"\n";
			showEnvVarsInLog = 0;
		};
		8E3F9AE1DEC3DB348E7ADCB9 /* [CP] Check Pods Manifest.lock */ = {
			isa = PBXShellScriptBuildPhase;
			buildActionMask = 2147483647;
			files = (
			);
			inputFileListPaths = (
			);
			inputPaths = (
				"${PODS_PODFILE_DIR_PATH}/Podfile.lock",
				"${PODS_ROOT}/Manifest.lock",
			);
			name = "[CP] Check Pods Manifest.lock";
			outputFileListPaths = (
			);
			outputPaths = (
				"$(DERIVED_FILE_DIR)/Pods-Water-checkManifestLockResult.txt",
			);
			runOnlyForDeploymentPostprocessing = 0;
			shellPath = /bin/sh;
			shellScript = "diff \"${PODS_PODFILE_DIR_PATH}/Podfile.lock\" \"${PODS_ROOT}/Manifest.lock\" > /dev/null\nif [ $? != 0 ] ; then\n    # print error to STDERR\n    echo \"error: The sandbox is not in sync with the Podfile.lock. Run 'pod install' or update your CocoaPods installation.\" >&2\n    exit 1\nfi\n# This output is used by Xcode 'outputs' to avoid re-running this script phase.\necho \"SUCCESS\" > \"${SCRIPT_OUTPUT_FILE_0}\"\n";
			showEnvVarsInLog = 0;
		};
/* End PBXShellScriptBuildPhase section */

/* Begin PBXSourcesBuildPhase section */
		A4BFC6902261732100E98BA1 /* Sources */ = {
			isa = PBXSourcesBuildPhase;
			buildActionMask = 2147483647;
			files = (
				A4880DAD22653E5300C06FB5 /* UILabel+AttrText.swift in Sources */,
				A4880DA92265367A00C06FB5 /* Fire.swift in Sources */,
				A4BFC6CF22624C5E00E98BA1 /* SearchUserCell.swift in Sources */,
				A4BFC6982261732100E98BA1 /* AppDelegate.swift in Sources */,
				A4BFC6BD2261A23800E98BA1 /* PostController.swift in Sources */,
				A4BFC6CD2262451B00E98BA1 /* UIImageView+Load.swift in Sources */,
				A4BFC6B92261A1FB00E98BA1 /* FeedController.swift in Sources */,
				A4BFC6AE226173A000E98BA1 /* LoginController.swift in Sources */,
				A4880DAB226536A000C06FB5 /* Constants.swift in Sources */,
				A4BFC6BB2261A21200E98BA1 /* SearchController.swift in Sources */,
				A4BFC6C12261A26500E98BA1 /* ProfileController.swift in Sources */,
				A4BFC6B722619FBE00E98BA1 /* MainTabBarController.swift in Sources */,
				A4BFC6BF2261A24F00E98BA1 /* NotificationController.swift in Sources */,
				A4BFC6CB2262402400E98BA1 /* User.swift in Sources */,
				A4BFC6B0226174E300E98BA1 /* UIView+Layout.swift in Sources */,
				A4BFC6B322617F7600E98BA1 /* SignUpController.swift in Sources */,
				A4BFC6C92261B35500E98BA1 /* ProfileHeader.swift in Sources */,
			);
			runOnlyForDeploymentPostprocessing = 0;
		};
/* End PBXSourcesBuildPhase section */

/* Begin PBXVariantGroup section */
		A4BFC69B2261732100E98BA1 /* Main.storyboard */ = {
			isa = PBXVariantGroup;
			children = (
				A4BFC69C2261732100E98BA1 /* Base */,
			);
			name = Main.storyboard;
			sourceTree = "<group>";
		};
		A4BFC6A02261732300E98BA1 /* LaunchScreen.storyboard */ = {
			isa = PBXVariantGroup;
			children = (
				A4BFC6A12261732300E98BA1 /* Base */,
			);
			name = LaunchScreen.storyboard;
			sourceTree = "<group>";
		};
/* End PBXVariantGroup section */

/* Begin XCBuildConfiguration section */
		A4BFC6A42261732300E98BA1 /* Debug */ = {
			isa = XCBuildConfiguration;
			buildSettings = {
				ALWAYS_SEARCH_USER_PATHS = NO;
				CLANG_ANALYZER_NONNULL = YES;
				CLANG_ANALYZER_NUMBER_OBJECT_CONVERSION = YES_AGGRESSIVE;
				CLANG_CXX_LANGUAGE_STANDARD = "gnu++14";
				CLANG_CXX_LIBRARY = "libc++";
				CLANG_ENABLE_MODULES = YES;
				CLANG_ENABLE_OBJC_ARC = YES;
				CLANG_ENABLE_OBJC_WEAK = YES;
				CLANG_WARN_BLOCK_CAPTURE_AUTORELEASING = YES;
				CLANG_WARN_BOOL_CONVERSION = YES;
				CLANG_WARN_COMMA = YES;
				CLANG_WARN_CONSTANT_CONVERSION = YES;
				CLANG_WARN_DEPRECATED_OBJC_IMPLEMENTATIONS = YES;
				CLANG_WARN_DIRECT_OBJC_ISA_USAGE = YES_ERROR;
				CLANG_WARN_DOCUMENTATION_COMMENTS = YES;
				CLANG_WARN_EMPTY_BODY = YES;
				CLANG_WARN_ENUM_CONVERSION = YES;
				CLANG_WARN_INFINITE_RECURSION = YES;
				CLANG_WARN_INT_CONVERSION = YES;
				CLANG_WARN_NON_LITERAL_NULL_CONVERSION = YES;
				CLANG_WARN_OBJC_IMPLICIT_RETAIN_SELF = YES;
				CLANG_WARN_OBJC_LITERAL_CONVERSION = YES;
				CLANG_WARN_OBJC_ROOT_CLASS = YES_ERROR;
				CLANG_WARN_RANGE_LOOP_ANALYSIS = YES;
				CLANG_WARN_STRICT_PROTOTYPES = YES;
				CLANG_WARN_SUSPICIOUS_MOVE = YES;
				CLANG_WARN_UNGUARDED_AVAILABILITY = YES_AGGRESSIVE;
				CLANG_WARN_UNREACHABLE_CODE = YES;
				CLANG_WARN__DUPLICATE_METHOD_MATCH = YES;
				CODE_SIGN_IDENTITY = "iPhone Developer";
				COPY_PHASE_STRIP = NO;
				DEBUG_INFORMATION_FORMAT = dwarf;
				ENABLE_STRICT_OBJC_MSGSEND = YES;
				ENABLE_TESTABILITY = YES;
				GCC_C_LANGUAGE_STANDARD = gnu11;
				GCC_DYNAMIC_NO_PIC = NO;
				GCC_NO_COMMON_BLOCKS = YES;
				GCC_OPTIMIZATION_LEVEL = 0;
				GCC_PREPROCESSOR_DEFINITIONS = (
					"DEBUG=1",
					"$(inherited)",
				);
				GCC_WARN_64_TO_32_BIT_CONVERSION = YES;
				GCC_WARN_ABOUT_RETURN_TYPE = YES_ERROR;
				GCC_WARN_UNDECLARED_SELECTOR = YES;
				GCC_WARN_UNINITIALIZED_AUTOS = YES_AGGRESSIVE;
				GCC_WARN_UNUSED_FUNCTION = YES;
				GCC_WARN_UNUSED_VARIABLE = YES;
				IPHONEOS_DEPLOYMENT_TARGET = 12.2;
				MTL_ENABLE_DEBUG_INFO = INCLUDE_SOURCE;
				MTL_FAST_MATH = YES;
				ONLY_ACTIVE_ARCH = YES;
				SDKROOT = iphoneos;
				SWIFT_ACTIVE_COMPILATION_CONDITIONS = DEBUG;
				SWIFT_OPTIMIZATION_LEVEL = "-Onone";
			};
			name = Debug;
		};
		A4BFC6A52261732300E98BA1 /* Release */ = {
			isa = XCBuildConfiguration;
			buildSettings = {
				ALWAYS_SEARCH_USER_PATHS = NO;
				CLANG_ANALYZER_NONNULL = YES;
				CLANG_ANALYZER_NUMBER_OBJECT_CONVERSION = YES_AGGRESSIVE;
				CLANG_CXX_LANGUAGE_STANDARD = "gnu++14";
				CLANG_CXX_LIBRARY = "libc++";
				CLANG_ENABLE_MODULES = YES;
				CLANG_ENABLE_OBJC_ARC = YES;
				CLANG_ENABLE_OBJC_WEAK = YES;
				CLANG_WARN_BLOCK_CAPTURE_AUTORELEASING = YES;
				CLANG_WARN_BOOL_CONVERSION = YES;
				CLANG_WARN_COMMA = YES;
				CLANG_WARN_CONSTANT_CONVERSION = YES;
				CLANG_WARN_DEPRECATED_OBJC_IMPLEMENTATIONS = YES;
				CLANG_WARN_DIRECT_OBJC_ISA_USAGE = YES_ERROR;
				CLANG_WARN_DOCUMENTATION_COMMENTS = YES;
				CLANG_WARN_EMPTY_BODY = YES;
				CLANG_WARN_ENUM_CONVERSION = YES;
				CLANG_WARN_INFINITE_RECURSION = YES;
				CLANG_WARN_INT_CONVERSION = YES;
				CLANG_WARN_NON_LITERAL_NULL_CONVERSION = YES;
				CLANG_WARN_OBJC_IMPLICIT_RETAIN_SELF = YES;
				CLANG_WARN_OBJC_LITERAL_CONVERSION = YES;
				CLANG_WARN_OBJC_ROOT_CLASS = YES_ERROR;
				CLANG_WARN_RANGE_LOOP_ANALYSIS = YES;
				CLANG_WARN_STRICT_PROTOTYPES = YES;
				CLANG_WARN_SUSPICIOUS_MOVE = YES;
				CLANG_WARN_UNGUARDED_AVAILABILITY = YES_AGGRESSIVE;
				CLANG_WARN_UNREACHABLE_CODE = YES;
				CLANG_WARN__DUPLICATE_METHOD_MATCH = YES;
				CODE_SIGN_IDENTITY = "iPhone Developer";
				COPY_PHASE_STRIP = NO;
				DEBUG_INFORMATION_FORMAT = "dwarf-with-dsym";
				ENABLE_NS_ASSERTIONS = NO;
				ENABLE_STRICT_OBJC_MSGSEND = YES;
				GCC_C_LANGUAGE_STANDARD = gnu11;
				GCC_NO_COMMON_BLOCKS = YES;
				GCC_WARN_64_TO_32_BIT_CONVERSION = YES;
				GCC_WARN_ABOUT_RETURN_TYPE = YES_ERROR;
				GCC_WARN_UNDECLARED_SELECTOR = YES;
				GCC_WARN_UNINITIALIZED_AUTOS = YES_AGGRESSIVE;
				GCC_WARN_UNUSED_FUNCTION = YES;
				GCC_WARN_UNUSED_VARIABLE = YES;
				IPHONEOS_DEPLOYMENT_TARGET = 12.2;
				MTL_ENABLE_DEBUG_INFO = NO;
				MTL_FAST_MATH = YES;
				SDKROOT = iphoneos;
				SWIFT_COMPILATION_MODE = wholemodule;
				SWIFT_OPTIMIZATION_LEVEL = "-O";
				VALIDATE_PRODUCT = YES;
			};
			name = Release;
		};
		A4BFC6A72261732300E98BA1 /* Debug */ = {
			isa = XCBuildConfiguration;
			baseConfigurationReference = B35558261C74FE57ABC032DF /* Pods-Water.debug.xcconfig */;
			buildSettings = {
				ASSETCATALOG_COMPILER_APPICON_NAME = AppIcon;
				CODE_SIGN_STYLE = Automatic;
				DEVELOPMENT_TEAM = 4479HNAQMJ;
				INFOPLIST_FILE = Water/Info.plist;
				LD_RUNPATH_SEARCH_PATHS = (
					"$(inherited)",
					"@executable_path/Frameworks",
				);
				PRODUCT_BUNDLE_IDENTIFIER = me.prudhvi.Water;
				PRODUCT_NAME = "$(TARGET_NAME)";
				SWIFT_VERSION = 5.0;
				TARGETED_DEVICE_FAMILY = "1,2";
			};
			name = Debug;
		};
		A4BFC6A82261732300E98BA1 /* Release */ = {
			isa = XCBuildConfiguration;
			baseConfigurationReference = ED4F61718A207B14BF184F9B /* Pods-Water.release.xcconfig */;
			buildSettings = {
				ASSETCATALOG_COMPILER_APPICON_NAME = AppIcon;
				CODE_SIGN_STYLE = Automatic;
				DEVELOPMENT_TEAM = 4479HNAQMJ;
				INFOPLIST_FILE = Water/Info.plist;
				LD_RUNPATH_SEARCH_PATHS = (
					"$(inherited)",
					"@executable_path/Frameworks",
				);
				PRODUCT_BUNDLE_IDENTIFIER = me.prudhvi.Water;
				PRODUCT_NAME = "$(TARGET_NAME)";
				SWIFT_VERSION = 5.0;
				TARGETED_DEVICE_FAMILY = "1,2";
			};
			name = Release;
		};
/* End XCBuildConfiguration section */

/* Begin XCConfigurationList section */
		A4BFC68F2261732100E98BA1 /* Build configuration list for PBXProject "Water" */ = {
			isa = XCConfigurationList;
			buildConfigurations = (
				A4BFC6A42261732300E98BA1 /* Debug */,
				A4BFC6A52261732300E98BA1 /* Release */,
			);
			defaultConfigurationIsVisible = 0;
			defaultConfigurationName = Release;
		};
		A4BFC6A62261732300E98BA1 /* Build configuration list for PBXNativeTarget "Water" */ = {
			isa = XCConfigurationList;
			buildConfigurations = (
				A4BFC6A72261732300E98BA1 /* Debug */,
				A4BFC6A82261732300E98BA1 /* Release */,
			);
			defaultConfigurationIsVisible = 0;
			defaultConfigurationName = Release;
		};
/* End XCConfigurationList section */
	};
	rootObject = A4BFC68C2261732100E98BA1 /* Project object */;
}
